
Microsoft Visual Studio Solution File, Format Version 12.00
# Visual Studio Version 16
VisualStudioVersion = 16.0.31424.327
MinimumVisualStudioVersion = 10.0.40219.1
Project("{9A19103F-16F7-4668-BE54-9A1E7A4F7556}") = "ObjectOrientedPrograms", "ObjectOrientedPrograms\ObjectOrientedPrograms.csproj", "{879EA668-7E40-4694-B2AB-9A936BCD10F5}"
EndProject
Project("{9A19103F-16F7-4668-BE54-9A1E7A4F7556}") = "InventoryManagementData", "InventoryManagementData\InventoryManagementData.csproj", "{BCDFCBA4-7BDC-4849-9ED4-033D589D5354}"
EndProject
Project("{9A19103F-16F7-4668-BE54-9A1E7A4F7556}") = "AddressBook", "AddressBook\AddressBook.csproj", "{832259C6-437F-4FAC-AC00-D813C86F97AD}"
EndProject
Global
	GlobalSection(SolutionConfigurationPlatforms) = preSolution
		Debug|Any CPU = Debug|Any CPU
		Release|Any CPU = Release|Any CPU
	EndGlobalSection
	GlobalSection(ProjectConfigurationPlatforms) = postSolution
		{879EA668-7E40-4694-B2AB-9A936BCD10F5}.Debug|Any CPU.ActiveCfg = Debug|Any CPU
		{879EA668-7E40-4694-B2AB-9A936BCD10F5}.Debug|Any CPU.Build.0 = Debug|Any CPU
		{879EA668-7E40-4694-B2AB-9A936BCD10F5}.Release|Any CPU.ActiveCfg = Release|Any CPU
		{879EA668-7E40-4694-B2AB-9A936BCD10F5}.Release|Any CPU.Build.0 = Release|Any CPU
		{BCDFCBA4-7BDC-4849-9ED4-033D589D5354}.Debug|Any CPU.ActiveCfg = Debug|Any CPU
		{BCDFCBA4-7BDC-4849-9ED4-033D589D5354}.Debug|Any CPU.Build.0 = Debug|Any CPU
		{BCDFCBA4-7BDC-4849-9ED4-033D589D5354}.Release|Any CPU.ActiveCfg = Release|Any CPU
		{BCDFCBA4-7BDC-4849-9ED4-033D589D5354}.Release|Any CPU.Build.0 = Release|Any CPU
		{832259C6-437F-4FAC-AC00-D813C86F97AD}.Debug|Any CPU.ActiveCfg = Debug|Any CPU
		{832259C6-437F-4FAC-AC00-D813C86F97AD}.Debug|Any CPU.Build.0 = Debug|Any CPU
		{832259C6-437F-4FAC-AC00-D813C86F97AD}.Release|Any CPU.ActiveCfg = Release|Any CPU
		{832259C6-437F-4FAC-AC00-D813C86F97AD}.Release|Any CPU.Build.0 = Release|Any CPU
	EndGlobalSection
	GlobalSection(SolutionProperties) = preSolution
		HideSolutionNode = FALSE
	EndGlobalSection
	GlobalSection(ExtensibilityGlobals) = postSolution
		SolutionGuid = {5C7E7E5C-FEB2-44E4-865E-A41DBDF4D127}
	EndGlobalSection
EndGlobal
